
Microsoft Visual Studio Solution File, Format Version 12.00
# Visual Studio Version 17
VisualStudioVersion = 17.1.32210.238
MinimumVisualStudioVersion = 10.0.40219.1
Project("{9A19103F-16F7-4668-BE54-9A1E7A4F7556}") = "CognitiveServices.Infrastructure.Api", "CognitiveServices.Infrastructure.Api\CognitiveServices.Infrastructure.Api.csproj", "{5185A755-4076-49C7-8346-9E5461F1179E}"
EndProject
Project("{9A19103F-16F7-4668-BE54-9A1E7A4F7556}") = "CognitiveServices.Infrastructure.Data", "CognitiveServices.Infrastructure.Data\CognitiveServices.Infrastructure.Data.csproj", "{7450B970-C4EC-44FE-A147-6722166C98D9}"
EndProject
Project("{9A19103F-16F7-4668-BE54-9A1E7A4F7556}") = "CognitiveServices.Infrastructure.Speech", "CognitiveServices.Infrastructure.Voice\CognitiveServices.Infrastructure.Speech.csproj", "{7D68E159-BB65-4866-BD0D-E8B20E3FAAE7}"
EndProject
Project("{9A19103F-16F7-4668-BE54-9A1E7A4F7556}") = "CognitiveServices.Application", "CognitiveServices.Application\CognitiveServices.Application.csproj", "{58B29515-1F12-45BC-84D1-75357C69278E}"
EndProject
Project("{9A19103F-16F7-4668-BE54-9A1E7A4F7556}") = "CognitiveServices.Domain", "CognitiveServices.Domain\CognitiveServices.Domain.csproj", "{C5EE7BEA-A750-459E-87F3-C8CBCC36C254}"
EndProject
Global
	GlobalSection(SolutionConfigurationPlatforms) = preSolution
		Debug|Any CPU = Debug|Any CPU
		Release|Any CPU = Release|Any CPU
	EndGlobalSection
	GlobalSection(ProjectConfigurationPlatforms) = postSolution
		{5185A755-4076-49C7-8346-9E5461F1179E}.Debug|Any CPU.ActiveCfg = Debug|Any CPU
		{5185A755-4076-49C7-8346-9E5461F1179E}.Debug|Any CPU.Build.0 = Debug|Any CPU
		{5185A755-4076-49C7-8346-9E5461F1179E}.Release|Any CPU.ActiveCfg = Release|Any CPU
		{5185A755-4076-49C7-8346-9E5461F1179E}.Release|Any CPU.Build.0 = Release|Any CPU
		{7450B970-C4EC-44FE-A147-6722166C98D9}.Debug|Any CPU.ActiveCfg = Debug|Any CPU
		{7450B970-C4EC-44FE-A147-6722166C98D9}.Debug|Any CPU.Build.0 = Debug|Any CPU
		{7450B970-C4EC-44FE-A147-6722166C98D9}.Release|Any CPU.ActiveCfg = Release|Any CPU
		{7450B970-C4EC-44FE-A147-6722166C98D9}.Release|Any CPU.Build.0 = Release|Any CPU
		{7D68E159-BB65-4866-BD0D-E8B20E3FAAE7}.Debug|Any CPU.ActiveCfg = Debug|Any CPU
		{7D68E159-BB65-4866-BD0D-E8B20E3FAAE7}.Debug|Any CPU.Build.0 = Debug|Any CPU
		{7D68E159-BB65-4866-BD0D-E8B20E3FAAE7}.Release|Any CPU.ActiveCfg = Release|Any CPU
		{7D68E159-BB65-4866-BD0D-E8B20E3FAAE7}.Release|Any CPU.Build.0 = Release|Any CPU
		{58B29515-1F12-45BC-84D1-75357C69278E}.Debug|Any CPU.ActiveCfg = Debug|Any CPU
		{58B29515-1F12-45BC-84D1-75357C69278E}.Debug|Any CPU.Build.0 = Debug|Any CPU
		{58B29515-1F12-45BC-84D1-75357C69278E}.Release|Any CPU.ActiveCfg = Release|Any CPU
		{58B29515-1F12-45BC-84D1-75357C69278E}.Release|Any CPU.Build.0 = Release|Any CPU
		{C5EE7BEA-A750-459E-87F3-C8CBCC36C254}.Debug|Any CPU.ActiveCfg = Debug|Any CPU
		{C5EE7BEA-A750-459E-87F3-C8CBCC36C254}.Debug|Any CPU.Build.0 = Debug|Any CPU
		{C5EE7BEA-A750-459E-87F3-C8CBCC36C254}.Release|Any CPU.ActiveCfg = Release|Any CPU
		{C5EE7BEA-A750-459E-87F3-C8CBCC36C254}.Release|Any CPU.Build.0 = Release|Any CPU
	EndGlobalSection
	GlobalSection(SolutionProperties) = preSolution
		HideSolutionNode = FALSE
	EndGlobalSection
	GlobalSection(ExtensibilityGlobals) = postSolution
		SolutionGuid = {CAF40896-531C-4653-BFB6-34AD99B47B0B}
	EndGlobalSection
EndGlobal
